{
  "name": "cyberinsecurity",
  "lockfileVersion": 3,
  "requires": true,
  "packages": {
    "": {
      "dependencies": {
        "@angular/google-maps": "^16.2.11"
      },
      "devDependencies": {
        "prisma": "^5.5.2"
      }
    },
    "node_modules/@angular/google-maps": {
      "version": "16.2.11",
      "resolved": "https://registry.npmjs.org/@angular/google-maps/-/google-maps-16.2.11.tgz",
      "integrity": "sha512-j0K4GDG0yJFinJVMsw+MjsVTQl4igxN6ELXQketdqNBAaRI68LN55wpStvZ7uqMaK5V+RuH3KZ7KTRqA9M4akA==",
      "dependencies": {
        "@types/google.maps": "^3.52.4",
        "tslib": "^2.3.0"
      },
      "peerDependencies": {
        "@angular/common": "^16.0.0 || ^17.0.0",
        "@angular/core": "^16.0.0 || ^17.0.0",
        "rxjs": "^6.5.3 || ^7.4.0"
      }
    },
    "node_modules/@prisma/engines": {
      "version": "5.5.2",
      "resolved": "https://registry.npmjs.org/@prisma/engines/-/engines-5.5.2.tgz",
      "integrity": "sha512-Be5hoNF8k+lkB3uEMiCHbhbfF6aj1GnrTBnn5iYFT7GEr3TsOEp1soviEcBR0tYCgHbxjcIxJMhdbvxALJhAqg==",
      "dev": true,
      "hasInstallScript": true
    },
    "node_modules/@types/google.maps": {
      "version": "3.54.6",
      "resolved": "https://registry.npmjs.org/@types/google.maps/-/google.maps-3.54.6.tgz",
      "integrity": "sha512-cTGbsddDgEwZ/6xPywI7HKbeYJkfXFg92HdYnlE0HO3gT/030CVdUHLO2uQOkEo0YMp6TRPqTlAnRGNbQJu8vw=="
    },
    "node_modules/prisma": {
      "version": "5.5.2",
      "resolved": "https://registry.npmjs.org/prisma/-/prisma-5.5.2.tgz",
      "integrity": "sha512-WQtG6fevOL053yoPl6dbHV+IWgKo25IRN4/pwAGqcWmg7CrtoCzvbDbN9fXUc7QS2KK0LimHIqLsaCOX/vHl8w==",
      "dev": true,
      "hasInstallScript": true,
      "dependencies": {
        "@prisma/engines": "5.5.2"
      },
      "bin": {
        "prisma": "build/index.js"
      },
      "engines": {
        "node": ">=16.13"
      }
    },
    "node_modules/tslib": {
      "version": "2.6.2",
      "resolved": "https://registry.npmjs.org/tslib/-/tslib-2.6.2.tgz",
      "integrity": "sha512-AEYxH93jGFPn/a2iVAwW87VuUIkR1FVUKB77NwMF7nBTDkDrrT/Hpt/IrCJ0QXhW27jTBDcf5ZY7w6RiqTMw2Q=="
    }
  }
}
